
Microsoft Visual Studio Solution File, Format Version 12.00
# Visual Studio Version 16
VisualStudioVersion = 16.0.31624.102
MinimumVisualStudioVersion = 10.0.40219.1
Project("{FAE04EC0-301F-11D3-BF4B-00C04F79EFBC}") = "StopWatch", "StopWatch.csproj", "{AE1A3F01-4514-4900-85CE-81679A186EAA}"
EndProject
Global
	GlobalSection(SolutionConfigurationPlatforms) = preSolution
		Debug|Any CPU = Debug|Any CPU
		Release|Any CPU = Release|Any CPU
	EndGlobalSection
	GlobalSection(ProjectConfigurationPlatforms) = postSolution
		{AE1A3F01-4514-4900-85CE-81679A186EAA}.Debug|Any CPU.ActiveCfg = Debug|Any CPU
		{AE1A3F01-4514-4900-85CE-81679A186EAA}.Debug|Any CPU.Build.0 = Debug|Any CPU
		{AE1A3F01-4514-4900-85CE-81679A186EAA}.Release|Any CPU.ActiveCfg = Release|Any CPU
		{AE1A3F01-4514-4900-85CE-81679A186EAA}.Release|Any CPU.Build.0 = Release|Any CPU
	EndGlobalSection
	GlobalSection(SolutionProperties) = preSolution
		HideSolutionNode = FALSE
	EndGlobalSection
	GlobalSection(ExtensibilityGlobals) = postSolution
		SolutionGuid = {3A060CBB-8717-4DDD-A5F8-F70C5AE41924}
	EndGlobalSection
EndGlobal
